
Microsoft Visual Studio Solution File, Format Version 12.00
# Visual Studio Version 17
VisualStudioVersion = 17.1.32228.430
MinimumVisualStudioVersion = 10.0.40219.1
Project("{FAE04EC0-301F-11D3-BF4B-00C04F79EFBC}") = "InputDisplay", "InputDisplay\InputDisplay.csproj", "{BBED7809-6E02-4A35-A98E-747E469A3209}"
EndProject
Global
	GlobalSection(SolutionConfigurationPlatforms) = preSolution
		Debug|Any CPU = Debug|Any CPU
		Release|Any CPU = Release|Any CPU
	EndGlobalSection
	GlobalSection(ProjectConfigurationPlatforms) = postSolution
		{BBED7809-6E02-4A35-A98E-747E469A3209}.Debug|Any CPU.ActiveCfg = Debug|Any CPU
		{BBED7809-6E02-4A35-A98E-747E469A3209}.Debug|Any CPU.Build.0 = Debug|Any CPU
		{BBED7809-6E02-4A35-A98E-747E469A3209}.Release|Any CPU.ActiveCfg = Release|Any CPU
		{BBED7809-6E02-4A35-A98E-747E469A3209}.Release|Any CPU.Build.0 = Release|Any CPU
	EndGlobalSection
	GlobalSection(SolutionProperties) = preSolution
		HideSolutionNode = FALSE
	EndGlobalSection
	GlobalSection(ExtensibilityGlobals) = postSolution
		SolutionGuid = {CE54A00A-BAB2-43DE-B4D1-DEB331461CEC}
	EndGlobalSection
EndGlobal
